
Microsoft Visual Studio Solution File, Format Version 12.00
# Visual Studio Version 17
VisualStudioVersion = 17.5.002.0
MinimumVisualStudioVersion = 10.0.40219.1
Project("{9A19103F-16F7-4668-BE54-9A1E7A4F7556}") = "IdentityApp", "IdentityApp.csproj", "{C960F8CB-442D-4AE1-A80C-9873E60146EF}"
EndProject
Global
	GlobalSection(SolutionConfigurationPlatforms) = preSolution
		Debug|Any CPU = Debug|Any CPU
		Release|Any CPU = Release|Any CPU
	EndGlobalSection
	GlobalSection(ProjectConfigurationPlatforms) = postSolution
		{C960F8CB-442D-4AE1-A80C-9873E60146EF}.Debug|Any CPU.ActiveCfg = Debug|Any CPU
		{C960F8CB-442D-4AE1-A80C-9873E60146EF}.Debug|Any CPU.Build.0 = Debug|Any CPU
		{C960F8CB-442D-4AE1-A80C-9873E60146EF}.Release|Any CPU.ActiveCfg = Release|Any CPU
		{C960F8CB-442D-4AE1-A80C-9873E60146EF}.Release|Any CPU.Build.0 = Release|Any CPU
	EndGlobalSection
	GlobalSection(SolutionProperties) = preSolution
		HideSolutionNode = FALSE
	EndGlobalSection
	GlobalSection(ExtensibilityGlobals) = postSolution
		SolutionGuid = {A62A031E-A04A-4ED8-9E24-0FBBCEEAAE2C}
	EndGlobalSection
EndGlobal
